// !$*UTF8*$!
{
	archiveVersion = 1;
	classes = {
	};
	objectVersion = 46;
	objects = {

/* Begin PBXBuildFile section */
		197C17C21BBF0494001749E9 /* main.cpp in Sources */ = {isa = PBXBuildFile; fileRef = 197C17C11BBF0494001749E9 /* main.cpp */; };
		197C17FB1BBF050A001749E9 /* libopencv_calib3d.3.0.0.dylib in Frameworks */ = {isa = PBXBuildFile; fileRef = 197C17C91BBF050A001749E9 /* libopencv_calib3d.3.0.0.dylib */; settings = {ASSET_TAGS = (); }; };
		197C17FC1BBF050A001749E9 /* libopencv_calib3d.3.0.0.dylib in Frameworks */ = {isa = PBXBuildFile; fileRef = 197C17CA1BBF050A001749E9 /* libopencv_calib3d.3.0.0.dylib */; settings = {ASSET_TAGS = (); }; };
		197C17FD1BBF050A001749E9 /* libopencv_calib3d.3.0.0.dylib in Frameworks */ = {isa = PBXBuildFile; fileRef = 197C17CB1BBF050A001749E9 /* libopencv_calib3d.3.0.0.dylib */; settings = {ASSET_TAGS = (); }; };
		197C17FE1BBF050A001749E9 /* libopencv_core.3.0.0.dylib in Frameworks */ = {isa = PBXBuildFile; fileRef = 197C17CC1BBF050A001749E9 /* libopencv_core.3.0.0.dylib */; settings = {ASSET_TAGS = (); }; };
		197C17FF1BBF050A001749E9 /* libopencv_core.3.0.0.dylib in Frameworks */ = {isa = PBXBuildFile; fileRef = 197C17CD1BBF050A001749E9 /* libopencv_core.3.0.0.dylib */; settings = {ASSET_TAGS = (); }; };
		197C18001BBF050A001749E9 /* libopencv_core.3.0.0.dylib in Frameworks */ = {isa = PBXBuildFile; fileRef = 197C17CE1BBF050A001749E9 /* libopencv_core.3.0.0.dylib */; settings = {ASSET_TAGS = (); }; };
		197C18011BBF050A001749E9 /* libopencv_features2d.3.0.0.dylib in Frameworks */ = {isa = PBXBuildFile; fileRef = 197C17CF1BBF050A001749E9 /* libopencv_features2d.3.0.0.dylib */; settings = {ASSET_TAGS = (); }; };
		197C18021BBF050A001749E9 /* libopencv_features2d.3.0.0.dylib in Frameworks */ = {isa = PBXBuildFile; fileRef = 197C17D01BBF050A001749E9 /* libopencv_features2d.3.0.0.dylib */; settings = {ASSET_TAGS = (); }; };
		197C18031BBF050A001749E9 /* libopencv_features2d.3.0.0.dylib in Frameworks */ = {isa = PBXBuildFile; fileRef = 197C17D11BBF050A001749E9 /* libopencv_features2d.3.0.0.dylib */; settings = {ASSET_TAGS = (); }; };
		197C18041BBF050A001749E9 /* libopencv_flann.3.0.0.dylib in Frameworks */ = {isa = PBXBuildFile; fileRef = 197C17D21BBF050A001749E9 /* libopencv_flann.3.0.0.dylib */; settings = {ASSET_TAGS = (); }; };
		197C18051BBF050A001749E9 /* libopencv_flann.3.0.0.dylib in Frameworks */ = {isa = PBXBuildFile; fileRef = 197C17D31BBF050A001749E9 /* libopencv_flann.3.0.0.dylib */; settings = {ASSET_TAGS = (); }; };
		197C18061BBF050A001749E9 /* libopencv_flann.3.0.0.dylib in Frameworks */ = {isa = PBXBuildFile; fileRef = 197C17D41BBF050A001749E9 /* libopencv_flann.3.0.0.dylib */; settings = {ASSET_TAGS = (); }; };
		197C18071BBF050A001749E9 /* libopencv_hal.a in Frameworks */ = {isa = PBXBuildFile; fileRef = 197C17D51BBF050A001749E9 /* libopencv_hal.a */; settings = {ASSET_TAGS = (); }; };
		197C18081BBF050A001749E9 /* libopencv_highgui.3.0.0.dylib in Frameworks */ = {isa = PBXBuildFile; fileRef = 197C17D61BBF050A001749E9 /* libopencv_highgui.3.0.0.dylib */; settings = {ASSET_TAGS = (); }; };
		197C18091BBF050A001749E9 /* libopencv_highgui.3.0.0.dylib in Frameworks */ = {isa = PBXBuildFile; fileRef = 197C17D71BBF050A001749E9 /* libopencv_highgui.3.0.0.dylib */; settings = {ASSET_TAGS = (); }; };
		197C180A1BBF050A001749E9 /* libopencv_highgui.3.0.0.dylib in Frameworks */ = {isa = PBXBuildFile; fileRef = 197C17D81BBF050A001749E9 /* libopencv_highgui.3.0.0.dylib */; settings = {ASSET_TAGS = (); }; };
		197C180B1BBF050A001749E9 /* libopencv_imgcodecs.3.0.0.dylib in Frameworks */ = {isa = PBXBuildFile; fileRef = 197C17D91BBF050A001749E9 /* libopencv_imgcodecs.3.0.0.dylib */; settings = {ASSET_TAGS = (); }; };
		197C180C1BBF050A001749E9 /* libopencv_imgcodecs.3.0.0.dylib in Frameworks */ = {isa = PBXBuildFile; fileRef = 197C17DA1BBF050A001749E9 /* libopencv_imgcodecs.3.0.0.dylib */; settings = {ASSET_TAGS = (); }; };
		197C180D1BBF050A001749E9 /* libopencv_imgcodecs.3.0.0.dylib in Frameworks */ = {isa = PBXBuildFile; fileRef = 197C17DB1BBF050A001749E9 /* libopencv_imgcodecs.3.0.0.dylib */; settings = {ASSET_TAGS = (); }; };
		197C180E1BBF050A001749E9 /* libopencv_imgproc.3.0.0.dylib in Frameworks */ = {isa = PBXBuildFile; fileRef = 197C17DC1BBF050A001749E9 /* libopencv_imgproc.3.0.0.dylib */; settings = {ASSET_TAGS = (); }; };
		197C180F1BBF050A001749E9 /* libopencv_imgproc.3.0.0.dylib in Frameworks */ = {isa = PBXBuildFile; fileRef = 197C17DD1BBF050A001749E9 /* libopencv_imgproc.3.0.0.dylib */; settings = {ASSET_TAGS = (); }; };
		197C18101BBF050A001749E9 /* libopencv_imgproc.3.0.0.dylib in Frameworks */ = {isa = PBXBuildFile; fileRef = 197C17DE1BBF050A001749E9 /* libopencv_imgproc.3.0.0.dylib */; settings = {ASSET_TAGS = (); }; };
		197C18111BBF050A001749E9 /* libopencv_ml.3.0.0.dylib in Frameworks */ = {isa = PBXBuildFile; fileRef = 197C17DF1BBF050A001749E9 /* libopencv_ml.3.0.0.dylib */; settings = {ASSET_TAGS = (); }; };
		197C18121BBF050A001749E9 /* libopencv_ml.3.0.0.dylib in Frameworks */ = {isa = PBXBuildFile; fileRef = 197C17E01BBF050A001749E9 /* libopencv_ml.3.0.0.dylib */; settings = {ASSET_TAGS = (); }; };
		197C18131BBF050A001749E9 /* libopencv_ml.3.0.0.dylib in Frameworks */ = {isa = PBXBuildFile; fileRef = 197C17E11BBF050A001749E9 /* libopencv_ml.3.0.0.dylib */; settings = {ASSET_TAGS = (); }; };
		197C18141BBF050A001749E9 /* libopencv_objdetect.3.0.0.dylib in Frameworks */ = {isa = PBXBuildFile; fileRef = 197C17E21BBF050A001749E9 /* libopencv_objdetect.3.0.0.dylib */; settings = {ASSET_TAGS = (); }; };
		197C18151BBF050A001749E9 /* libopencv_objdetect.3.0.0.dylib in Frameworks */ = {isa = PBXBuildFile; fileRef = 197C17E31BBF050A001749E9 /* libopencv_objdetect.3.0.0.dylib */; settings = {ASSET_TAGS = (); }; };
		197C18161BBF050A001749E9 /* libopencv_objdetect.3.0.0.dylib in Frameworks */ = {isa = PBXBuildFile; fileRef = 197C17E41BBF050A001749E9 /* libopencv_objdetect.3.0.0.dylib */; settings = {ASSET_TAGS = (); }; };
		197C18171BBF050A001749E9 /* libopencv_photo.3.0.0.dylib in Frameworks */ = {isa = PBXBuildFile; fileRef = 197C17E51BBF050A001749E9 /* libopencv_photo.3.0.0.dylib */; settings = {ASSET_TAGS = (); }; };
		197C18181BBF050A001749E9 /* libopencv_photo.3.0.0.dylib in Frameworks */ = {isa = PBXBuildFile; fileRef = 197C17E61BBF050A001749E9 /* libopencv_photo.3.0.0.dylib */; settings = {ASSET_TAGS = (); }; };
		197C18191BBF050A001749E9 /* libopencv_photo.3.0.0.dylib in Frameworks */ = {isa = PBXBuildFile; fileRef = 197C17E71BBF050A001749E9 /* libopencv_photo.3.0.0.dylib */; settings = {ASSET_TAGS = (); }; };
		197C181A1BBF050A001749E9 /* libopencv_shape.3.0.0.dylib in Frameworks */ = {isa = PBXBuildFile; fileRef = 197C17E81BBF050A001749E9 /* libopencv_shape.3.0.0.dylib */; settings = {ASSET_TAGS = (); }; };
		197C181B1BBF050A001749E9 /* libopencv_shape.3.0.0.dylib in Frameworks */ = {isa = PBXBuildFile; fileRef = 197C17E91BBF050A001749E9 /* libopencv_shape.3.0.0.dylib */; settings = {ASSET_TAGS = (); }; };
		197C181C1BBF050A001749E9 /* libopencv_shape.3.0.0.dylib in Frameworks */ = {isa = PBXBuildFile; fileRef = 197C17EA1BBF050A001749E9 /* libopencv_shape.3.0.0.dylib */; settings = {ASSET_TAGS = (); }; };
		197C181D1BBF050A001749E9 /* libopencv_stitching.3.0.0.dylib in Frameworks */ = {isa = PBXBuildFile; fileRef = 197C17EB1BBF050A001749E9 /* libopencv_stitching.3.0.0.dylib */; settings = {ASSET_TAGS = (); }; };
		197C181E1BBF050A001749E9 /* libopencv_stitching.3.0.0.dylib in Frameworks */ = {isa = PBXBuildFile; fileRef = 197C17EC1BBF050A001749E9 /* libopencv_stitching.3.0.0.dylib */; settings = {ASSET_TAGS = (); }; };
		197C181F1BBF050A001749E9 /* libopencv_stitching.3.0.0.dylib in Frameworks */ = {isa = PBXBuildFile; fileRef = 197C17ED1BBF050A001749E9 /* libopencv_stitching.3.0.0.dylib */; settings = {ASSET_TAGS = (); }; };
		197C18201BBF050A001749E9 /* libopencv_superres.3.0.0.dylib in Frameworks */ = {isa = PBXBuildFile; fileRef = 197C17EE1BBF050A001749E9 /* libopencv_superres.3.0.0.dylib */; settings = {ASSET_TAGS = (); }; };
		197C18211BBF050A001749E9 /* libopencv_superres.3.0.0.dylib in Frameworks */ = {isa = PBXBuildFile; fileRef = 197C17EF1BBF050A001749E9 /* libopencv_superres.3.0.0.dylib */; settings = {ASSET_TAGS = (); }; };
		197C18221BBF050A001749E9 /* libopencv_superres.3.0.0.dylib in Frameworks */ = {isa = PBXBuildFile; fileRef = 197C17F01BBF050A001749E9 /* libopencv_superres.3.0.0.dylib */; settings = {ASSET_TAGS = (); }; };
		197C18231BBF050A001749E9 /* libopencv_ts.a in Frameworks */ = {isa = PBXBuildFile; fileRef = 197C17F11BBF050A001749E9 /* libopencv_ts.a */; settings = {ASSET_TAGS = (); }; };
		197C18241BBF050A001749E9 /* libopencv_video.3.0.0.dylib in Frameworks */ = {isa = PBXBuildFile; fileRef = 197C17F21BBF050A001749E9 /* libopencv_video.3.0.0.dylib */; settings = {ASSET_TAGS = (); }; };
		197C18251BBF050A001749E9 /* libopencv_video.3.0.0.dylib in Frameworks */ = {isa = PBXBuildFile; fileRef = 197C17F31BBF050A001749E9 /* libopencv_video.3.0.0.dylib */; settings = {ASSET_TAGS = (); }; };
		197C18261BBF050A001749E9 /* libopencv_video.3.0.0.dylib in Frameworks */ = {isa = PBXBuildFile; fileRef = 197C17F41BBF050A001749E9 /* libopencv_video.3.0.0.dylib */; settings = {ASSET_TAGS = (); }; };
		197C18271BBF050A001749E9 /* libopencv_videoio.3.0.0.dylib in Frameworks */ = {isa = PBXBuildFile; fileRef = 197C17F51BBF050A001749E9 /* libopencv_videoio.3.0.0.dylib */; settings = {ASSET_TAGS = (); }; };
		197C18281BBF050A001749E9 /* libopencv_videoio.3.0.0.dylib in Frameworks */ = {isa = PBXBuildFile; fileRef = 197C17F61BBF050A001749E9 /* libopencv_videoio.3.0.0.dylib */; settings = {ASSET_TAGS = (); }; };
		197C18291BBF050A001749E9 /* libopencv_videoio.3.0.0.dylib in Frameworks */ = {isa = PBXBuildFile; fileRef = 197C17F71BBF050A001749E9 /* libopencv_videoio.3.0.0.dylib */; settings = {ASSET_TAGS = (); }; };
		197C182A1BBF050A001749E9 /* libopencv_videostab.3.0.0.dylib in Frameworks */ = {isa = PBXBuildFile; fileRef = 197C17F81BBF050A001749E9 /* libopencv_videostab.3.0.0.dylib */; settings = {ASSET_TAGS = (); }; };
		197C182B1BBF050A001749E9 /* libopencv_videostab.3.0.0.dylib in Frameworks */ = {isa = PBXBuildFile; fileRef = 197C17F91BBF050A001749E9 /* libopencv_videostab.3.0.0.dylib */; settings = {ASSET_TAGS = (); }; };
		197C182C1BBF050A001749E9 /* libopencv_videostab.3.0.0.dylib in Frameworks */ = {isa = PBXBuildFile; fileRef = 197C17FA1BBF050A001749E9 /* libopencv_videostab.3.0.0.dylib */; settings = {ASSET_TAGS = (); }; };
/* End PBXBuildFile section */

/* Begin PBXCopyFilesBuildPhase section */
		197C17BC1BBF0494001749E9 /* CopyFiles */ = {
			isa = PBXCopyFilesBuildPhase;
			buildActionMask = 2147483647;
			dstPath = /usr/share/man/man1/;
			dstSubfolderSpec = 0;
			files = (
			);
			runOnlyForDeploymentPostprocessing = 1;
		};
/* End PBXCopyFilesBuildPhase section */

/* Begin PBXFileReference section */
		1960D3421BEFB9550055CCF8 /* boost */ = {isa = PBXFileReference; lastKnownFileType = folder; name = boost; path = ../../Downloads/boost_1_59_0/boost; sourceTree = "<group>"; };
		197C17BE1BBF0494001749E9 /* trialWriteImag */ = {isa = PBXFileReference; explicitFileType = "compiled.mach-o.executable"; includeInIndex = 0; path = trialWriteImag; sourceTree = BUILT_PRODUCTS_DIR; };
		197C17C11BBF0494001749E9 /* main.cpp */ = {isa = PBXFileReference; lastKnownFileType = sourcecode.cpp.cpp; path = main.cpp; sourceTree = "<group>"; };
		197C17C91BBF050A001749E9 /* libopencv_calib3d.3.0.0.dylib */ = {isa = PBXFileReference; lastKnownFileType = "compiled.mach-o.dylib"; name = libopencv_calib3d.3.0.0.dylib; path = "../../Documents/Project/opencv-3.0-2.0/lib/libopencv_calib3d.3.0.0.dylib"; sourceTree = "<group>"; };
		197C17CA1BBF050A001749E9 /* libopencv_calib3d.3.0.0.dylib */ = {isa = PBXFileReference; lastKnownFileType = "compiled.mach-o.dylib"; name = libopencv_calib3d.3.0.0.dylib; path = "../../Documents/Project/opencv-3.0-2.0/lib/libopencv_calib3d.3.0.0.dylib"; sourceTree = "<group>"; };
		197C17CB1BBF050A001749E9 /* libopencv_calib3d.3.0.0.dylib */ = {isa = PBXFileReference; lastKnownFileType = "compiled.mach-o.dylib"; name = libopencv_calib3d.3.0.0.dylib; path = "../../Documents/Project/opencv-3.0-2.0/lib/libopencv_calib3d.3.0.0.dylib"; sourceTree = "<group>"; };
		197C17CC1BBF050A001749E9 /* libopencv_core.3.0.0.dylib */ = {isa = PBXFileReference; lastKnownFileType = "compiled.mach-o.dylib"; name = libopencv_core.3.0.0.dylib; path = "../../Documents/Project/opencv-3.0-2.0/lib/libopencv_core.3.0.0.dylib"; sourceTree = "<group>"; };
		197C17CD1BBF050A001749E9 /* libopencv_core.3.0.0.dylib */ = {isa = PBXFileReference; lastKnownFileType = "compiled.mach-o.dylib"; name = libopencv_core.3.0.0.dylib; path = "../../Documents/Project/opencv-3.0-2.0/lib/libopencv_core.3.0.0.dylib"; sourceTree = "<group>"; };
		197C17CE1BBF050A001749E9 /* libopencv_core.3.0.0.dylib */ = {isa = PBXFileReference; lastKnownFileType = "compiled.mach-o.dylib"; name = libopencv_core.3.0.0.dylib; path = "../../Documents/Project/opencv-3.0-2.0/lib/libopencv_core.3.0.0.dylib"; sourceTree = "<group>"; };
		197C17CF1BBF050A001749E9 /* libopencv_features2d.3.0.0.dylib */ = {isa = PBXFileReference; lastKnownFileType = "compiled.mach-o.dylib"; name = libopencv_features2d.3.0.0.dylib; path = "../../Documents/Project/opencv-3.0-2.0/lib/libopencv_features2d.3.0.0.dylib"; sourceTree = "<group>"; };
		197C17D01BBF050A001749E9 /* libopencv_features2d.3.0.0.dylib */ = {isa = PBXFileReference; lastKnownFileType = "compiled.mach-o.dylib"; name = libopencv_features2d.3.0.0.dylib; path = "../../Documents/Project/opencv-3.0-2.0/lib/libopencv_features2d.3.0.0.dylib"; sourceTree = "<group>"; };
		197C17D11BBF050A001749E9 /* libopencv_features2d.3.0.0.dylib */ = {isa = PBXFileReference; lastKnownFileType = "compiled.mach-o.dylib"; name = libopencv_features2d.3.0.0.dylib; path = "../../Documents/Project/opencv-3.0-2.0/lib/libopencv_features2d.3.0.0.dylib"; sourceTree = "<group>"; };
		197C17D21BBF050A001749E9 /* libopencv_flann.3.0.0.dylib */ = {isa = PBXFileReference; lastKnownFileType = "compiled.mach-o.dylib"; name = libopencv_flann.3.0.0.dylib; path = "../../Documents/Project/opencv-3.0-2.0/lib/libopencv_flann.3.0.0.dylib"; sourceTree = "<group>"; };
		197C17D31BBF050A001749E9 /* libopencv_flann.3.0.0.dylib */ = {isa = PBXFileReference; lastKnownFileType = "compiled.mach-o.dylib"; name = libopencv_flann.3.0.0.dylib; path = "../../Documents/Project/opencv-3.0-2.0/lib/libopencv_flann.3.0.0.dylib"; sourceTree = "<group>"; };
		197C17D41BBF050A001749E9 /* libopencv_flann.3.0.0.dylib */ = {isa = PBXFileReference; lastKnownFileType = "compiled.mach-o.dylib"; name = libopencv_flann.3.0.0.dylib; path = "../../Documents/Project/opencv-3.0-2.0/lib/libopencv_flann.3.0.0.dylib"; sourceTree = "<group>"; };
		197C17D51BBF050A001749E9 /* libopencv_hal.a */ = {isa = PBXFileReference; lastKnownFileType = archive.ar; name = libopencv_hal.a; path = "../../Documents/Project/opencv-3.0-2.0/lib/libopencv_hal.a"; sourceTree = "<group>"; };
		197C17D61BBF050A001749E9 /* libopencv_highgui.3.0.0.dylib */ = {isa = PBXFileReference; lastKnownFileType = "compiled.mach-o.dylib"; name = libopencv_highgui.3.0.0.dylib; path = "../../Documents/Project/opencv-3.0-2.0/lib/libopencv_highgui.3.0.0.dylib"; sourceTree = "<group>"; };
		197C17D71BBF050A001749E9 /* libopencv_highgui.3.0.0.dylib */ = {isa = PBXFileReference; lastKnownFileType = "compiled.mach-o.dylib"; name = libopencv_highgui.3.0.0.dylib; path = "../../Documents/Project/opencv-3.0-2.0/lib/libopencv_highgui.3.0.0.dylib"; sourceTree = "<group>"; };
		197C17D81BBF050A001749E9 /* libopencv_highgui.3.0.0.dylib */ = {isa = PBXFileReference; lastKnownFileType = "compiled.mach-o.dylib"; name = libopencv_highgui.3.0.0.dylib; path = "../../Documents/Project/opencv-3.0-2.0/lib/libopencv_highgui.3.0.0.dylib"; sourceTree = "<group>"; };
		197C17D91BBF050A001749E9 /* libopencv_imgcodecs.3.0.0.dylib */ = {isa = PBXFileReference; lastKnownFileType = "compiled.mach-o.dylib"; name = libopencv_imgcodecs.3.0.0.dylib; path = "../../Documents/Project/opencv-3.0-2.0/lib/libopencv_imgcodecs.3.0.0.dylib"; sourceTree = "<group>"; };
		197C17DA1BBF050A001749E9 /* libopencv_imgcodecs.3.0.0.dylib */ = {isa = PBXFileReference; lastKnownFileType = "compiled.mach-o.dylib"; name = libopencv_imgcodecs.3.0.0.dylib; path = "../../Documents/Project/opencv-3.0-2.0/lib/libopencv_imgcodecs.3.0.0.dylib"; sourceTree = "<group>"; };
		197C17DB1BBF050A001749E9 /* libopencv_imgcodecs.3.0.0.dylib */ = {isa = PBXFileReference; lastKnownFileType = "compiled.mach-o.dylib"; name = libopencv_imgcodecs.3.0.0.dylib; path = "../../Documents/Project/opencv-3.0-2.0/lib/libopencv_imgcodecs.3.0.0.dylib"; sourceTree = "<group>"; };
		197C17DC1BBF050A001749E9 /* libopencv_imgproc.3.0.0.dylib */ = {isa = PBXFileReference; lastKnownFileType = "compiled.mach-o.dylib"; name = libopencv_imgproc.3.0.0.dylib; path = "../../Documents/Project/opencv-3.0-2.0/lib/libopencv_imgproc.3.0.0.dylib"; sourceTree = "<group>"; };
		197C17DD1BBF050A001749E9 /* libopencv_imgproc.3.0.0.dylib */ = {isa = PBXFileReference; lastKnownFileType = "compiled.mach-o.dylib"; name = libopencv_imgproc.3.0.0.dylib; path = "../../Documents/Project/opencv-3.0-2.0/lib/libopencv_imgproc.3.0.0.dylib"; sourceTree = "<group>"; };
		197C17DE1BBF050A001749E9 /* libopencv_imgproc.3.0.0.dylib */ = {isa = PBXFileReference; lastKnownFileType = "compiled.mach-o.dylib"; name = libopencv_imgproc.3.0.0.dylib; path = "../../Documents/Project/opencv-3.0-2.0/lib/libopencv_imgproc.3.0.0.dylib"; sourceTree = "<group>"; };
		197C17DF1BBF050A001749E9 /* libopencv_ml.3.0.0.dylib */ = {isa = PBXFileReference; lastKnownFileType = "compiled.mach-o.dylib"; name = libopencv_ml.3.0.0.dylib; path = "../../Documents/Project/opencv-3.0-2.0/lib/libopencv_ml.3.0.0.dylib"; sourceTree = "<group>"; };
		197C17E01BBF050A001749E9 /* libopencv_ml.3.0.0.dylib */ = {isa = PBXFileReference; lastKnownFileType = "compiled.mach-o.dylib"; name = libopencv_ml.3.0.0.dylib; path = "../../Documents/Project/opencv-3.0-2.0/lib/libopencv_ml.3.0.0.dylib"; sourceTree = "<group>"; };
		197C17E11BBF050A001749E9 /* libopencv_ml.3.0.0.dylib */ = {isa = PBXFileReference; lastKnownFileType = "compiled.mach-o.dylib"; name = libopencv_ml.3.0.0.dylib; path = "../../Documents/Project/opencv-3.0-2.0/lib/libopencv_ml.3.0.0.dylib"; sourceTree = "<group>"; };
		197C17E21BBF050A001749E9 /* libopencv_objdetect.3.0.0.dylib */ = {isa = PBXFileReference; lastKnownFileType = "compiled.mach-o.dylib"; name = libopencv_objdetect.3.0.0.dylib; path = "../../Documents/Project/opencv-3.0-2.0/lib/libopencv_objdetect.3.0.0.dylib"; sourceTree = "<group>"; };
		197C17E31BBF050A001749E9 /* libopencv_objdetect.3.0.0.dylib */ = {isa = PBXFileReference; lastKnownFileType = "compiled.mach-o.dylib"; name = libopencv_objdetect.3.0.0.dylib; path = "../../Documents/Project/opencv-3.0-2.0/lib/libopencv_objdetect.3.0.0.dylib"; sourceTree = "<group>"; };
		197C17E41BBF050A001749E9 /* libopencv_objdetect.3.0.0.dylib */ = {isa = PBXFileReference; lastKnownFileType = "compiled.mach-o.dylib"; name = libopencv_objdetect.3.0.0.dylib; path = "../../Documents/Project/opencv-3.0-2.0/lib/libopencv_objdetect.3.0.0.dylib"; sourceTree = "<group>"; };
		197C17E51BBF050A001749E9 /* libopencv_photo.3.0.0.dylib */ = {isa = PBXFileReference; lastKnownFileType = "compiled.mach-o.dylib"; name = libopencv_photo.3.0.0.dylib; path = "../../Documents/Project/opencv-3.0-2.0/lib/libopencv_photo.3.0.0.dylib"; sourceTree = "<group>"; };
		197C17E61BBF050A001749E9 /* libopencv_photo.3.0.0.dylib */ = {isa = PBXFileReference; lastKnownFileType = "compiled.mach-o.dylib"; name = libopencv_photo.3.0.0.dylib; path = "../../Documents/Project/opencv-3.0-2.0/lib/libopencv_photo.3.0.0.dylib"; sourceTree = "<group>"; };
		197C17E71BBF050A001749E9 /* libopencv_photo.3.0.0.dylib */ = {isa = PBXFileReference; lastKnownFileType = "compiled.mach-o.dylib"; name = libopencv_photo.3.0.0.dylib; path = "../../Documents/Project/opencv-3.0-2.0/lib/libopencv_photo.3.0.0.dylib"; sourceTree = "<group>"; };
		197C17E81BBF050A001749E9 /* libopencv_shape.3.0.0.dylib */ = {isa = PBXFileReference; lastKnownFileType = "compiled.mach-o.dylib"; name = libopencv_shape.3.0.0.dylib; path = "../../Documents/Project/opencv-3.0-2.0/lib/libopencv_shape.3.0.0.dylib"; sourceTree = "<group>"; };
		197C17E91BBF050A001749E9 /* libopencv_shape.3.0.0.dylib */ = {isa = PBXFileReference; lastKnownFileType = "compiled.mach-o.dylib"; name = libopencv_shape.3.0.0.dylib; path = "../../Documents/Project/opencv-3.0-2.0/lib/libopencv_shape.3.0.0.dylib"; sourceTree = "<group>"; };
		197C17EA1BBF050A001749E9 /* libopencv_shape.3.0.0.dylib */ = {isa = PBXFileReference; lastKnownFileType = "compiled.mach-o.dylib"; name = libopencv_shape.3.0.0.dylib; path = "../../Documents/Project/opencv-3.0-2.0/lib/libopencv_shape.3.0.0.dylib"; sourceTree = "<group>"; };
		197C17EB1BBF050A001749E9 /* libopencv_stitching.3.0.0.dylib */ = {isa = PBXFileReference; lastKnownFileType = "compiled.mach-o.dylib"; name = libopencv_stitching.3.0.0.dylib; path = "../../Documents/Project/opencv-3.0-2.0/lib/libopencv_stitching.3.0.0.dylib"; sourceTree = "<group>"; };
		197C17EC1BBF050A001749E9 /* libopencv_stitching.3.0.0.dylib */ = {isa = PBXFileReference; lastKnownFileType = "compiled.mach-o.dylib"; name = libopencv_stitching.3.0.0.dylib; path = "../../Documents/Project/opencv-3.0-2.0/lib/libopencv_stitching.3.0.0.dylib"; sourceTree = "<group>"; };
		197C17ED1BBF050A001749E9 /* libopencv_stitching.3.0.0.dylib */ = {isa = PBXFileReference; lastKnownFileType = "compiled.mach-o.dylib"; name = libopencv_stitching.3.0.0.dylib; path = "../../Documents/Project/opencv-3.0-2.0/lib/libopencv_stitching.3.0.0.dylib"; sourceTree = "<group>"; };
		197C17EE1BBF050A001749E9 /* libopencv_superres.3.0.0.dylib */ = {isa = PBXFileReference; lastKnownFileType = "compiled.mach-o.dylib"; name = libopencv_superres.3.0.0.dylib; path = "../../Documents/Project/opencv-3.0-2.0/lib/libopencv_superres.3.0.0.dylib"; sourceTree = "<group>"; };
		197C17EF1BBF050A001749E9 /* libopencv_superres.3.0.0.dylib */ = {isa = PBXFileReference; lastKnownFileType = "compiled.mach-o.dylib"; name = libopencv_superres.3.0.0.dylib; path = "../../Documents/Project/opencv-3.0-2.0/lib/libopencv_superres.3.0.0.dylib"; sourceTree = "<group>"; };
		197C17F01BBF050A001749E9 /* libopencv_superres.3.0.0.dylib */ = {isa = PBXFileReference; lastKnownFileType = "compiled.mach-o.dylib"; name = libopencv_superres.3.0.0.dylib; path = "../../Documents/Project/opencv-3.0-2.0/lib/libopencv_superres.3.0.0.dylib"; sourceTree = "<group>"; };
		197C17F11BBF050A001749E9 /* libopencv_ts.a */ = {isa = PBXFileReference; lastKnownFileType = archive.ar; name = libopencv_ts.a; path = "../../Documents/Project/opencv-3.0-2.0/lib/libopencv_ts.a"; sourceTree = "<group>"; };
		197C17F21BBF050A001749E9 /* libopencv_video.3.0.0.dylib */ = {isa = PBXFileReference; lastKnownFileType = "compiled.mach-o.dylib"; name = libopencv_video.3.0.0.dylib; path = "../../Documents/Project/opencv-3.0-2.0/lib/libopencv_video.3.0.0.dylib"; sourceTree = "<group>"; };
		197C17F31BBF050A001749E9 /* libopencv_video.3.0.0.dylib */ = {isa = PBXFileReference; lastKnownFileType = "compiled.mach-o.dylib"; name = libopencv_video.3.0.0.dylib; path = "../../Documents/Project/opencv-3.0-2.0/lib/libopencv_video.3.0.0.dylib"; sourceTree = "<group>"; };
		197C17F41BBF050A001749E9 /* libopencv_video.3.0.0.dylib */ = {isa = PBXFileReference; lastKnownFileType = "compiled.mach-o.dylib"; name = libopencv_video.3.0.0.dylib; path = "../../Documents/Project/opencv-3.0-2.0/lib/libopencv_video.3.0.0.dylib"; sourceTree = "<group>"; };
		197C17F51BBF050A001749E9 /* libopencv_videoio.3.0.0.dylib */ = {isa = PBXFileReference; lastKnownFileType = "compiled.mach-o.dylib"; name = libopencv_videoio.3.0.0.dylib; path = "../../Documents/Project/opencv-3.0-2.0/lib/libopencv_videoio.3.0.0.dylib"; sourceTree = "<group>"; };
		197C17F61BBF050A001749E9 /* libopencv_videoio.3.0.0.dylib */ = {isa = PBXFileReference; lastKnownFileType = "compiled.mach-o.dylib"; name = libopencv_videoio.3.0.0.dylib; path = "../../Documents/Project/opencv-3.0-2.0/lib/libopencv_videoio.3.0.0.dylib"; sourceTree = "<group>"; };
		197C17F71BBF050A001749E9 /* libopencv_videoio.3.0.0.dylib */ = {isa = PBXFileReference; lastKnownFileType = "compiled.mach-o.dylib"; name = libopencv_videoio.3.0.0.dylib; path = "../../Documents/Project/opencv-3.0-2.0/lib/libopencv_videoio.3.0.0.dylib"; sourceTree = "<group>"; };
		197C17F81BBF050A001749E9 /* libopencv_videostab.3.0.0.dylib */ = {isa = PBXFileReference; lastKnownFileType = "compiled.mach-o.dylib"; name = libopencv_videostab.3.0.0.dylib; path = "../../Documents/Project/opencv-3.0-2.0/lib/libopencv_videostab.3.0.0.dylib"; sourceTree = "<group>"; };
		197C17F91BBF050A001749E9 /* libopencv_videostab.3.0.0.dylib */ = {isa = PBXFileReference; lastKnownFileType = "compiled.mach-o.dylib"; name = libopencv_videostab.3.0.0.dylib; path = "../../Documents/Project/opencv-3.0-2.0/lib/libopencv_videostab.3.0.0.dylib"; sourceTree = "<group>"; };
		197C17FA1BBF050A001749E9 /* libopencv_videostab.3.0.0.dylib */ = {isa = PBXFileReference; lastKnownFileType = "compiled.mach-o.dylib"; name = libopencv_videostab.3.0.0.dylib; path = "../../Documents/Project/opencv-3.0-2.0/lib/libopencv_videostab.3.0.0.dylib"; sourceTree = "<group>"; };
/* End PBXFileReference section */

/* Begin PBXFrameworksBuildPhase section */
		197C17BB1BBF0494001749E9 /* Frameworks */ = {
			isa = PBXFrameworksBuildPhase;
			buildActionMask = 2147483647;
			files = (
				197C182A1BBF050A001749E9 /* libopencv_videostab.3.0.0.dylib in Frameworks */,
				197C18241BBF050A001749E9 /* libopencv_video.3.0.0.dylib in Frameworks */,
				197C18031BBF050A001749E9 /* libopencv_features2d.3.0.0.dylib in Frameworks */,
				197C181B1BBF050A001749E9 /* libopencv_shape.3.0.0.dylib in Frameworks */,
				197C18291BBF050A001749E9 /* libopencv_videoio.3.0.0.dylib in Frameworks */,
				197C18071BBF050A001749E9 /* libopencv_hal.a in Frameworks */,
				197C180B1BBF050A001749E9 /* libopencv_imgcodecs.3.0.0.dylib in Frameworks */,
				197C18191BBF050A001749E9 /* libopencv_photo.3.0.0.dylib in Frameworks */,
				197C182B1BBF050A001749E9 /* libopencv_videostab.3.0.0.dylib in Frameworks */,
				197C180A1BBF050A001749E9 /* libopencv_highgui.3.0.0.dylib in Frameworks */,
				197C17FF1BBF050A001749E9 /* libopencv_core.3.0.0.dylib in Frameworks */,
				197C18251BBF050A001749E9 /* libopencv_video.3.0.0.dylib in Frameworks */,
				197C181D1BBF050A001749E9 /* libopencv_stitching.3.0.0.dylib in Frameworks */,
				197C18271BBF050A001749E9 /* libopencv_videoio.3.0.0.dylib in Frameworks */,
				197C182C1BBF050A001749E9 /* libopencv_videostab.3.0.0.dylib in Frameworks */,
				197C18041BBF050A001749E9 /* libopencv_flann.3.0.0.dylib in Frameworks */,
				197C17FD1BBF050A001749E9 /* libopencv_calib3d.3.0.0.dylib in Frameworks */,
				197C18161BBF050A001749E9 /* libopencv_objdetect.3.0.0.dylib in Frameworks */,
				197C18281BBF050A001749E9 /* libopencv_videoio.3.0.0.dylib in Frameworks */,
				197C18051BBF050A001749E9 /* libopencv_flann.3.0.0.dylib in Frameworks */,
				197C18231BBF050A001749E9 /* libopencv_ts.a in Frameworks */,
				197C180F1BBF050A001749E9 /* libopencv_imgproc.3.0.0.dylib in Frameworks */,
				197C18201BBF050A001749E9 /* libopencv_superres.3.0.0.dylib in Frameworks */,
				197C18141BBF050A001749E9 /* libopencv_objdetect.3.0.0.dylib in Frameworks */,
				197C18261BBF050A001749E9 /* libopencv_video.3.0.0.dylib in Frameworks */,
				197C181A1BBF050A001749E9 /* libopencv_shape.3.0.0.dylib in Frameworks */,
				197C18121BBF050A001749E9 /* libopencv_ml.3.0.0.dylib in Frameworks */,
				197C18021BBF050A001749E9 /* libopencv_features2d.3.0.0.dylib in Frameworks */,
				197C18061BBF050A001749E9 /* libopencv_flann.3.0.0.dylib in Frameworks */,
				197C180E1BBF050A001749E9 /* libopencv_imgproc.3.0.0.dylib in Frameworks */,
				197C18081BBF050A001749E9 /* libopencv_highgui.3.0.0.dylib in Frameworks */,
				197C181F1BBF050A001749E9 /* libopencv_stitching.3.0.0.dylib in Frameworks */,
				197C18091BBF050A001749E9 /* libopencv_highgui.3.0.0.dylib in Frameworks */,
				197C18221BBF050A001749E9 /* libopencv_superres.3.0.0.dylib in Frameworks */,
				197C18111BBF050A001749E9 /* libopencv_ml.3.0.0.dylib in Frameworks */,
				197C18101BBF050A001749E9 /* libopencv_imgproc.3.0.0.dylib in Frameworks */,
				197C180D1BBF050A001749E9 /* libopencv_imgcodecs.3.0.0.dylib in Frameworks */,
				197C181E1BBF050A001749E9 /* libopencv_stitching.3.0.0.dylib in Frameworks */,
				197C17FB1BBF050A001749E9 /* libopencv_calib3d.3.0.0.dylib in Frameworks */,
				197C18171BBF050A001749E9 /* libopencv_photo.3.0.0.dylib in Frameworks */,
				197C17FC1BBF050A001749E9 /* libopencv_calib3d.3.0.0.dylib in Frameworks */,
				197C18211BBF050A001749E9 /* libopencv_superres.3.0.0.dylib in Frameworks */,
				197C18011BBF050A001749E9 /* libopencv_features2d.3.0.0.dylib in Frameworks */,
				197C18151BBF050A001749E9 /* libopencv_objdetect.3.0.0.dylib in Frameworks */,
				197C17FE1BBF050A001749E9 /* libopencv_core.3.0.0.dylib in Frameworks */,
				197C18001BBF050A001749E9 /* libopencv_core.3.0.0.dylib in Frameworks */,
				197C18131BBF050A001749E9 /* libopencv_ml.3.0.0.dylib in Frameworks */,
				197C180C1BBF050A001749E9 /* libopencv_imgcodecs.3.0.0.dylib in Frameworks */,
				197C181C1BBF050A001749E9 /* libopencv_shape.3.0.0.dylib in Frameworks */,
				197C18181BBF050A001749E9 /* libopencv_photo.3.0.0.dylib in Frameworks */,
			);
			runOnlyForDeploymentPostprocessing = 0;
		};
/* End PBXFrameworksBuildPhase section */

/* Begin PBXGroup section */
		197C17B51BBF0494001749E9 = {
			isa = PBXGroup;
			children = (
				1960D3421BEFB9550055CCF8 /* boost */,
				197C17C91BBF050A001749E9 /* libopencv_calib3d.3.0.0.dylib */,
				197C17CA1BBF050A001749E9 /* libopencv_calib3d.3.0.0.dylib */,
				197C17CB1BBF050A001749E9 /* libopencv_calib3d.3.0.0.dylib */,
				197C17CC1BBF050A001749E9 /* libopencv_core.3.0.0.dylib */,
				197C17CD1BBF050A001749E9 /* libopencv_core.3.0.0.dylib */,
				197C17CE1BBF050A001749E9 /* libopencv_core.3.0.0.dylib */,
				197C17CF1BBF050A001749E9 /* libopencv_features2d.3.0.0.dylib */,
				197C17D01BBF050A001749E9 /* libopencv_features2d.3.0.0.dylib */,
				197C17D11BBF050A001749E9 /* libopencv_features2d.3.0.0.dylib */,
				197C17D21BBF050A001749E9 /* libopencv_flann.3.0.0.dylib */,
				197C17D31BBF050A001749E9 /* libopencv_flann.3.0.0.dylib */,
				197C17D41BBF050A001749E9 /* libopencv_flann.3.0.0.dylib */,
				197C17D51BBF050A001749E9 /* libopencv_hal.a */,
				197C17D61BBF050A001749E9 /* libopencv_highgui.3.0.0.dylib */,
				197C17D71BBF050A001749E9 /* libopencv_highgui.3.0.0.dylib */,
				197C17D81BBF050A001749E9 /* libopencv_highgui.3.0.0.dylib */,
				197C17D91BBF050A001749E9 /* libopencv_imgcodecs.3.0.0.dylib */,
				197C17DA1BBF050A001749E9 /* libopencv_imgcodecs.3.0.0.dylib */,
				197C17DB1BBF050A001749E9 /* libopencv_imgcodecs.3.0.0.dylib */,
				197C17DC1BBF050A001749E9 /* libopencv_imgproc.3.0.0.dylib */,
				197C17DD1BBF050A001749E9 /* libopencv_imgproc.3.0.0.dylib */,
				197C17DE1BBF050A001749E9 /* libopencv_imgproc.3.0.0.dylib */,
				197C17DF1BBF050A001749E9 /* libopencv_ml.3.0.0.dylib */,
				197C17E01BBF050A001749E9 /* libopencv_ml.3.0.0.dylib */,
				197C17E11BBF050A001749E9 /* libopencv_ml.3.0.0.dylib */,
				197C17E21BBF050A001749E9 /* libopencv_objdetect.3.0.0.dylib */,
				197C17E31BBF050A001749E9 /* libopencv_objdetect.3.0.0.dylib */,
				197C17E41BBF050A001749E9 /* libopencv_objdetect.3.0.0.dylib */,
				197C17E51BBF050A001749E9 /* libopencv_photo.3.0.0.dylib */,
				197C17E61BBF050A001749E9 /* libopencv_photo.3.0.0.dylib */,
				197C17E71BBF050A001749E9 /* libopencv_photo.3.0.0.dylib */,
				197C17E81BBF050A001749E9 /* libopencv_shape.3.0.0.dylib */,
				197C17E91BBF050A001749E9 /* libopencv_shape.3.0.0.dylib */,
				197C17EA1BBF050A001749E9 /* libopencv_shape.3.0.0.dylib */,
				197C17EB1BBF050A001749E9 /* libopencv_stitching.3.0.0.dylib */,
				197C17EC1BBF050A001749E9 /* libopencv_stitching.3.0.0.dylib */,
				197C17ED1BBF050A001749E9 /* libopencv_stitching.3.0.0.dylib */,
				197C17EE1BBF050A001749E9 /* libopencv_superres.3.0.0.dylib */,
				197C17EF1BBF050A001749E9 /* libopencv_superres.3.0.0.dylib */,
				197C17F01BBF050A001749E9 /* libopencv_superres.3.0.0.dylib */,
				197C17F11BBF050A001749E9 /* libopencv_ts.a */,
				197C17F21BBF050A001749E9 /* libopencv_video.3.0.0.dylib */,
				197C17F31BBF050A001749E9 /* libopencv_video.3.0.0.dylib */,
				197C17F41BBF050A001749E9 /* libopencv_video.3.0.0.dylib */,
				197C17F51BBF050A001749E9 /* libopencv_videoio.3.0.0.dylib */,
				197C17F61BBF050A001749E9 /* libopencv_videoio.3.0.0.dylib */,
				197C17F71BBF050A001749E9 /* libopencv_videoio.3.0.0.dylib */,
				197C17F81BBF050A001749E9 /* libopencv_videostab.3.0.0.dylib */,
				197C17F91BBF050A001749E9 /* libopencv_videostab.3.0.0.dylib */,
				197C17FA1BBF050A001749E9 /* libopencv_videostab.3.0.0.dylib */,
				197C17C01BBF0494001749E9 /* trialWriteImag */,
				197C17BF1BBF0494001749E9 /* Products */,
			);
			sourceTree = "<group>";
		};
		197C17BF1BBF0494001749E9 /* Products */ = {
			isa = PBXGroup;
			children = (
				197C17BE1BBF0494001749E9 /* trialWriteImag */,
			);
			name = Products;
			sourceTree = "<group>";
		};
		197C17C01BBF0494001749E9 /* trialWriteImag */ = {
			isa = PBXGroup;
			children = (
				197C17C11BBF0494001749E9 /* main.cpp */,
			);
			path = trialWriteImag;
			sourceTree = "<group>";
		};
/* End PBXGroup section */

/* Begin PBXNativeTarget section */
		197C17BD1BBF0494001749E9 /* trialWriteImag */ = {
			isa = PBXNativeTarget;
			buildConfigurationList = 197C17C51BBF0494001749E9 /* Build configuration list for PBXNativeTarget "trialWriteImag" */;
			buildPhases = (
				197C17BA1BBF0494001749E9 /* Sources */,
				197C17BB1BBF0494001749E9 /* Frameworks */,
				197C17BC1BBF0494001749E9 /* CopyFiles */,
			);
			buildRules = (
			);
			dependencies = (
			);
			name = trialWriteImag;
			productName = trialWriteImag;
			productReference = 197C17BE1BBF0494001749E9 /* trialWriteImag */;
			productType = "com.apple.product-type.tool";
		};
/* End PBXNativeTarget section */

/* Begin PBXProject section */
		197C17B61BBF0494001749E9 /* Project object */ = {
			isa = PBXProject;
			attributes = {
				LastUpgradeCheck = 0700;
				ORGANIZATIONNAME = "Priyanka Kulkarni";
				TargetAttributes = {
					197C17BD1BBF0494001749E9 = {
						CreatedOnToolsVersion = 7.0;
					};
				};
			};
			buildConfigurationList = 197C17B91BBF0494001749E9 /* Build configuration list for PBXProject "trialWriteImag" */;
			compatibilityVersion = "Xcode 3.2";
			developmentRegion = English;
			hasScannedForEncodings = 0;
			knownRegions = (
				en,
			);
			mainGroup = 197C17B51BBF0494001749E9;
			productRefGroup = 197C17BF1BBF0494001749E9 /* Products */;
			projectDirPath = "";
			projectRoot = "";
			targets = (
				197C17BD1BBF0494001749E9 /* trialWriteImag */,
			);
		};
/* End PBXProject section */

/* Begin PBXSourcesBuildPhase section */
		197C17BA1BBF0494001749E9 /* Sources */ = {
			isa = PBXSourcesBuildPhase;
			buildActionMask = 2147483647;
			files = (
				197C17C21BBF0494001749E9 /* main.cpp in Sources */,
			);
			runOnlyForDeploymentPostprocessing = 0;
		};
/* End PBXSourcesBuildPhase section */

/* Begin XCBuildConfiguration section */
		197C17C31BBF0494001749E9 /* Debug */ = {
			isa = XCBuildConfiguration;
			buildSettings = {
				ALWAYS_SEARCH_USER_PATHS = NO;
				CLANG_CXX_LANGUAGE_STANDARD = "gnu++0x";
				CLANG_CXX_LIBRARY = "libc++";
				CLANG_ENABLE_MODULES = YES;
				CLANG_ENABLE_OBJC_ARC = YES;
				CLANG_WARN_BOOL_CONVERSION = YES;
				CLANG_WARN_CONSTANT_CONVERSION = YES;
				CLANG_WARN_DIRECT_OBJC_ISA_USAGE = YES_ERROR;
				CLANG_WARN_EMPTY_BODY = YES;
				CLANG_WARN_ENUM_CONVERSION = YES;
				CLANG_WARN_INT_CONVERSION = YES;
				CLANG_WARN_OBJC_ROOT_CLASS = YES_ERROR;
				CLANG_WARN_UNREACHABLE_CODE = YES;
				CLANG_WARN__DUPLICATE_METHOD_MATCH = YES;
				COPY_PHASE_STRIP = NO;
				DEBUG_INFORMATION_FORMAT = dwarf;
				ENABLE_STRICT_OBJC_MSGSEND = YES;
				ENABLE_TESTABILITY = YES;
				GCC_C_LANGUAGE_STANDARD = gnu99;
				GCC_DYNAMIC_NO_PIC = NO;
				GCC_NO_COMMON_BLOCKS = YES;
				GCC_OPTIMIZATION_LEVEL = 0;
				GCC_PREPROCESSOR_DEFINITIONS = (
					"DEBUG=1",
					"$(inherited)",
				);
				GCC_WARN_64_TO_32_BIT_CONVERSION = YES;
				GCC_WARN_ABOUT_RETURN_TYPE = YES_ERROR;
				GCC_WARN_UNDECLARED_SELECTOR = YES;
				GCC_WARN_UNINITIALIZED_AUTOS = YES_AGGRESSIVE;
				GCC_WARN_UNUSED_FUNCTION = YES;
				GCC_WARN_UNUSED_VARIABLE = YES;
				MACOSX_DEPLOYMENT_TARGET = 10.10;
				MTL_ENABLE_DEBUG_INFO = YES;
				ONLY_ACTIVE_ARCH = YES;
				SDKROOT = macosx;
			};
			name = Debug;
		};
		197C17C41BBF0494001749E9 /* Release */ = {
			isa = XCBuildConfiguration;
			buildSettings = {
				ALWAYS_SEARCH_USER_PATHS = NO;
				CLANG_CXX_LANGUAGE_STANDARD = "gnu++0x";
				CLANG_CXX_LIBRARY = "libc++";
				CLANG_ENABLE_MODULES = YES;
				CLANG_ENABLE_OBJC_ARC = YES;
				CLANG_WARN_BOOL_CONVERSION = YES;
				CLANG_WARN_CONSTANT_CONVERSION = YES;
				CLANG_WARN_DIRECT_OBJC_ISA_USAGE = YES_ERROR;
				CLANG_WARN_EMPTY_BODY = YES;
				CLANG_WARN_ENUM_CONVERSION = YES;
				CLANG_WARN_INT_CONVERSION = YES;
				CLANG_WARN_OBJC_ROOT_CLASS = YES_ERROR;
				CLANG_WARN_UNREACHABLE_CODE = YES;
				CLANG_WARN__DUPLICATE_METHOD_MATCH = YES;
				COPY_PHASE_STRIP = NO;
				DEBUG_INFORMATION_FORMAT = "dwarf-with-dsym";
				ENABLE_NS_ASSERTIONS = NO;
				ENABLE_STRICT_OBJC_MSGSEND = YES;
				GCC_C_LANGUAGE_STANDARD = gnu99;
				GCC_NO_COMMON_BLOCKS = YES;
				GCC_WARN_64_TO_32_BIT_CONVERSION = YES;
				GCC_WARN_ABOUT_RETURN_TYPE = YES_ERROR;
				GCC_WARN_UNDECLARED_SELECTOR = YES;
				GCC_WARN_UNINITIALIZED_AUTOS = YES_AGGRESSIVE;
				GCC_WARN_UNUSED_FUNCTION = YES;
				GCC_WARN_UNUSED_VARIABLE = YES;
				MACOSX_DEPLOYMENT_TARGET = 10.10;
				MTL_ENABLE_DEBUG_INFO = NO;
				SDKROOT = macosx;
			};
			name = Release;
		};
		197C17C61BBF0494001749E9 /* Debug */ = {
			isa = XCBuildConfiguration;
			buildSettings = {
				HEADER_SEARCH_PATHS = /usr/local/include;
				LIBRARY_SEARCH_PATHS = /usr/local/lib;
				PRODUCT_NAME = "$(TARGET_NAME)";
			};
			name = Debug;
		};
		197C17C71BBF0494001749E9 /* Release */ = {
			isa = XCBuildConfiguration;
			buildSettings = {
				HEADER_SEARCH_PATHS = /usr/local/include;
				LIBRARY_SEARCH_PATHS = /usr/local/lib;
				PRODUCT_NAME = "$(TARGET_NAME)";
			};
			name = Release;
		};
/* End XCBuildConfiguration section */

/* Begin XCConfigurationList section */
		197C17B91BBF0494001749E9 /* Build configuration list for PBXProject "trialWriteImag" */ = {
			isa = XCConfigurationList;
			buildConfigurations = (
				197C17C31BBF0494001749E9 /* Debug */,
				197C17C41BBF0494001749E9 /* Release */,
			);
			defaultConfigurationIsVisible = 0;
			defaultConfigurationName = Release;
		};
		197C17C51BBF0494001749E9 /* Build configuration list for PBXNativeTarget "trialWriteImag" */ = {
			isa = XCConfigurationList;
			buildConfigurations = (
				197C17C61BBF0494001749E9 /* Debug */,
				197C17C71BBF0494001749E9 /* Release */,
			);
			defaultConfigurationIsVisible = 0;
			defaultConfigurationName = Release;
		};
/* End XCConfigurationList section */
	};
	rootObject = 197C17B61BBF0494001749E9 /* Project object */;
}
